
Microsoft Visual Studio Solution File, Format Version 12.00
# Visual Studio Version 16
VisualStudioVersion = 16.0.31424.327
MinimumVisualStudioVersion = 10.0.40219.1
Project("{9A19103F-16F7-4668-BE54-9A1E7A4F7556}") = "CarRentalManagement.Server", "CarRentalManagement\Server\CarRentalManagement.Server.csproj", "{9C4F29FB-738E-40F8-B6D3-526DBE5ABD3D}"
EndProject
Project("{9A19103F-16F7-4668-BE54-9A1E7A4F7556}") = "CarRentalManagement.Client", "CarRentalManagement\Client\CarRentalManagement.Client.csproj", "{1FFEFB5E-3DB6-4080-A585-BFA13FACDA66}"
EndProject
Project("{9A19103F-16F7-4668-BE54-9A1E7A4F7556}") = "CarRentalManagement.Shared", "CarRentalManagement\Shared\CarRentalManagement.Shared.csproj", "{252E3FE5-C664-4170-A433-EAF6AC0F414F}"
EndProject
Global
	GlobalSection(SolutionConfigurationPlatforms) = preSolution
		Debug|Any CPU = Debug|Any CPU
		Release|Any CPU = Release|Any CPU
	EndGlobalSection
	GlobalSection(ProjectConfigurationPlatforms) = postSolution
		{9C4F29FB-738E-40F8-B6D3-526DBE5ABD3D}.Debug|Any CPU.ActiveCfg = Debug|Any CPU
		{9C4F29FB-738E-40F8-B6D3-526DBE5ABD3D}.Debug|Any CPU.Build.0 = Debug|Any CPU
		{9C4F29FB-738E-40F8-B6D3-526DBE5ABD3D}.Release|Any CPU.ActiveCfg = Release|Any CPU
		{9C4F29FB-738E-40F8-B6D3-526DBE5ABD3D}.Release|Any CPU.Build.0 = Release|Any CPU
		{1FFEFB5E-3DB6-4080-A585-BFA13FACDA66}.Debug|Any CPU.ActiveCfg = Debug|Any CPU
		{1FFEFB5E-3DB6-4080-A585-BFA13FACDA66}.Debug|Any CPU.Build.0 = Debug|Any CPU
		{1FFEFB5E-3DB6-4080-A585-BFA13FACDA66}.Release|Any CPU.ActiveCfg = Release|Any CPU
		{1FFEFB5E-3DB6-4080-A585-BFA13FACDA66}.Release|Any CPU.Build.0 = Release|Any CPU
		{252E3FE5-C664-4170-A433-EAF6AC0F414F}.Debug|Any CPU.ActiveCfg = Debug|Any CPU
		{252E3FE5-C664-4170-A433-EAF6AC0F414F}.Debug|Any CPU.Build.0 = Debug|Any CPU
		{252E3FE5-C664-4170-A433-EAF6AC0F414F}.Release|Any CPU.ActiveCfg = Release|Any CPU
		{252E3FE5-C664-4170-A433-EAF6AC0F414F}.Release|Any CPU.Build.0 = Release|Any CPU
	EndGlobalSection
	GlobalSection(SolutionProperties) = preSolution
		HideSolutionNode = FALSE
	EndGlobalSection
	GlobalSection(ExtensibilityGlobals) = postSolution
		SolutionGuid = {7BFAB938-6AC6-4091-9323-91D0A341AB1C}
	EndGlobalSection
EndGlobal
